
Microsoft Visual Studio Solution File, Format Version 12.00
Project("{FAE04EC0-301F-11D3-BF4B-00C04F79EFBC}") = "IteratorPattern", "IteratorPattern\IteratorPattern.csproj", "{2ECAB64D-3DD5-418D-A233-9EB3BF654DC5}"
EndProject
Project("{FAE04EC0-301F-11D3-BF4B-00C04F79EFBC}") = "IteratorPattern.Tests", "IteratorPattern.Tests\IteratorPattern.Tests.csproj", "{F233F9F7-6372-4026-B549-07F7E69C8126}"
EndProject
Project("{2150E333-8FDC-42A3-9474-1A3956D46DE8}") = "CreationPatterns", "CreationPatterns", "{3E9D75B5-B132-4A0A-8128-68CE5244C714}"
EndProject
Project("{FAE04EC0-301F-11D3-BF4B-00C04F79EFBC}") = "AbstractFactory", "AbstractFactory\AbstractFactory.csproj", "{579ADB12-85D0-40F0-A988-2E962D6ED386}"
EndProject
Project("{FAE04EC0-301F-11D3-BF4B-00C04F79EFBC}") = "Builder", "Builder\Builder.csproj", "{BD3FF172-1ABA-4C4B-A7E8-36869AB6628E}"
EndProject
Project("{FAE04EC0-301F-11D3-BF4B-00C04F79EFBC}") = "FactoryMethod", "FactoryMethod\FactoryMethod.csproj", "{7C8F16A4-0590-42F8-8A3B-19FA4B775971}"
EndProject
Project("{FAE04EC0-301F-11D3-BF4B-00C04F79EFBC}") = "Prototype", "CreationPatterns\Prototype\Prototype.csproj", "{907FE0B9-C165-448F-9ACC-D1470B5DB2A6}"
EndProject
Project("{FAE04EC0-301F-11D3-BF4B-00C04F79EFBC}") = "Singleton", "CreationPatterns\Singleton\Singleton.csproj", "{D08F920E-5F82-4539-9008-C53981FDCD4E}"
EndProject
Global
	GlobalSection(SolutionConfigurationPlatforms) = preSolution
		Debug|Any CPU = Debug|Any CPU
		Release|Any CPU = Release|Any CPU
	EndGlobalSection
	GlobalSection(ProjectConfigurationPlatforms) = postSolution
		{2ECAB64D-3DD5-418D-A233-9EB3BF654DC5}.Debug|Any CPU.ActiveCfg = Debug|Any CPU
		{2ECAB64D-3DD5-418D-A233-9EB3BF654DC5}.Debug|Any CPU.Build.0 = Debug|Any CPU
		{2ECAB64D-3DD5-418D-A233-9EB3BF654DC5}.Release|Any CPU.ActiveCfg = Release|Any CPU
		{2ECAB64D-3DD5-418D-A233-9EB3BF654DC5}.Release|Any CPU.Build.0 = Release|Any CPU
		{F233F9F7-6372-4026-B549-07F7E69C8126}.Debug|Any CPU.ActiveCfg = Debug|Any CPU
		{F233F9F7-6372-4026-B549-07F7E69C8126}.Debug|Any CPU.Build.0 = Debug|Any CPU
		{F233F9F7-6372-4026-B549-07F7E69C8126}.Release|Any CPU.ActiveCfg = Release|Any CPU
		{F233F9F7-6372-4026-B549-07F7E69C8126}.Release|Any CPU.Build.0 = Release|Any CPU
		{579ADB12-85D0-40F0-A988-2E962D6ED386}.Debug|Any CPU.ActiveCfg = Debug|Any CPU
		{579ADB12-85D0-40F0-A988-2E962D6ED386}.Debug|Any CPU.Build.0 = Debug|Any CPU
		{579ADB12-85D0-40F0-A988-2E962D6ED386}.Release|Any CPU.ActiveCfg = Release|Any CPU
		{579ADB12-85D0-40F0-A988-2E962D6ED386}.Release|Any CPU.Build.0 = Release|Any CPU
		{BD3FF172-1ABA-4C4B-A7E8-36869AB6628E}.Debug|Any CPU.ActiveCfg = Debug|Any CPU
		{BD3FF172-1ABA-4C4B-A7E8-36869AB6628E}.Debug|Any CPU.Build.0 = Debug|Any CPU
		{BD3FF172-1ABA-4C4B-A7E8-36869AB6628E}.Release|Any CPU.ActiveCfg = Release|Any CPU
		{BD3FF172-1ABA-4C4B-A7E8-36869AB6628E}.Release|Any CPU.Build.0 = Release|Any CPU
		{7C8F16A4-0590-42F8-8A3B-19FA4B775971}.Debug|Any CPU.ActiveCfg = Debug|Any CPU
		{7C8F16A4-0590-42F8-8A3B-19FA4B775971}.Debug|Any CPU.Build.0 = Debug|Any CPU
		{7C8F16A4-0590-42F8-8A3B-19FA4B775971}.Release|Any CPU.ActiveCfg = Release|Any CPU
		{7C8F16A4-0590-42F8-8A3B-19FA4B775971}.Release|Any CPU.Build.0 = Release|Any CPU
		{907FE0B9-C165-448F-9ACC-D1470B5DB2A6}.Debug|Any CPU.ActiveCfg = Debug|Any CPU
		{907FE0B9-C165-448F-9ACC-D1470B5DB2A6}.Debug|Any CPU.Build.0 = Debug|Any CPU
		{907FE0B9-C165-448F-9ACC-D1470B5DB2A6}.Release|Any CPU.ActiveCfg = Release|Any CPU
		{907FE0B9-C165-448F-9ACC-D1470B5DB2A6}.Release|Any CPU.Build.0 = Release|Any CPU
		{D08F920E-5F82-4539-9008-C53981FDCD4E}.Debug|Any CPU.ActiveCfg = Debug|Any CPU
		{D08F920E-5F82-4539-9008-C53981FDCD4E}.Debug|Any CPU.Build.0 = Debug|Any CPU
		{D08F920E-5F82-4539-9008-C53981FDCD4E}.Release|Any CPU.ActiveCfg = Release|Any CPU
		{D08F920E-5F82-4539-9008-C53981FDCD4E}.Release|Any CPU.Build.0 = Release|Any CPU
	EndGlobalSection
	GlobalSection(NestedProjects) = preSolution
		{579ADB12-85D0-40F0-A988-2E962D6ED386} = {3E9D75B5-B132-4A0A-8128-68CE5244C714}
		{BD3FF172-1ABA-4C4B-A7E8-36869AB6628E} = {3E9D75B5-B132-4A0A-8128-68CE5244C714}
		{7C8F16A4-0590-42F8-8A3B-19FA4B775971} = {3E9D75B5-B132-4A0A-8128-68CE5244C714}
		{907FE0B9-C165-448F-9ACC-D1470B5DB2A6} = {3E9D75B5-B132-4A0A-8128-68CE5244C714}
		{D08F920E-5F82-4539-9008-C53981FDCD4E} = {3E9D75B5-B132-4A0A-8128-68CE5244C714}
	EndGlobalSection
EndGlobal
