
Microsoft Visual Studio Solution File, Format Version 12.00
Project("{2150E333-8FDC-42A3-9474-1A3956D46DE8}") = "CreationPatterns", "CreationPatterns", "{3E9D75B5-B132-4A0A-8128-68CE5244C714}"
EndProject
Project("{FAE04EC0-301F-11D3-BF4B-00C04F79EFBC}") = "AbstractFactory", "AbstractFactory\AbstractFactory.csproj", "{579ADB12-85D0-40F0-A988-2E962D6ED386}"
EndProject
Project("{FAE04EC0-301F-11D3-BF4B-00C04F79EFBC}") = "Builder", "Builder\Builder.csproj", "{BD3FF172-1ABA-4C4B-A7E8-36869AB6628E}"
EndProject
Project("{FAE04EC0-301F-11D3-BF4B-00C04F79EFBC}") = "FactoryMethod", "FactoryMethod\FactoryMethod.csproj", "{7C8F16A4-0590-42F8-8A3B-19FA4B775971}"
EndProject
Project("{FAE04EC0-301F-11D3-BF4B-00C04F79EFBC}") = "Prototype", "CreationPatterns\Prototype\Prototype.csproj", "{907FE0B9-C165-448F-9ACC-D1470B5DB2A6}"
EndProject
Project("{FAE04EC0-301F-11D3-BF4B-00C04F79EFBC}") = "Singleton", "CreationPatterns\Singleton\Singleton.csproj", "{D08F920E-5F82-4539-9008-C53981FDCD4E}"
EndProject
Project("{2150E333-8FDC-42A3-9474-1A3956D46DE8}") = "StructuralPatterns", "StructuralPatterns", "{CCF552D4-4127-4EA9-86B1-681FF4A9E142}"
EndProject
Project("{FAE04EC0-301F-11D3-BF4B-00C04F79EFBC}") = "Adapter", "StructuralPatterns\Adapter\Adapter.csproj", "{AE93338F-EB18-434A-81DC-212BFF56832E}"
EndProject
Project("{FAE04EC0-301F-11D3-BF4B-00C04F79EFBC}") = "Bridge", "StructuralPatterns\Bridge\Bridge.csproj", "{1B2FCDF1-D483-4B71-B722-491946D9A248}"
EndProject
Project("{FAE04EC0-301F-11D3-BF4B-00C04F79EFBC}") = "Composite", "StructuralPatterns\Composite\Composite.csproj", "{00C1DBAA-83F9-49A5-8823-1F2D2C58760C}"
EndProject
Project("{FAE04EC0-301F-11D3-BF4B-00C04F79EFBC}") = "Decorator", "StructuralPatterns\Decorator\Decorator.csproj", "{0B43EF70-9256-4294-A2C1-829F9D21039B}"
EndProject
Project("{FAE04EC0-301F-11D3-BF4B-00C04F79EFBC}") = "Facade", "StructuralPatterns\Facade\Facade.csproj", "{6547B4C1-4E95-4392-84D9-CBEFE4221946}"
EndProject
Project("{FAE04EC0-301F-11D3-BF4B-00C04F79EFBC}") = "Flyweight", "StructuralPatterns\Flyweight\Flyweight.csproj", "{8427031E-0D8F-46ED-B61B-DEBC070EB914}"
EndProject
Project("{FAE04EC0-301F-11D3-BF4B-00C04F79EFBC}") = "Proxy", "StructuralPatterns\Proxy\Proxy.csproj", "{80B3E6A2-326C-4AAD-BA58-35FC0024CA0C}"
EndProject
Project("{2150E333-8FDC-42A3-9474-1A3956D46DE8}") = "BehavioralPatterns", "BehavioralPatterns", "{A109CE90-C96D-485A-97D0-D10256235BAA}"
EndProject
Project("{FAE04EC0-301F-11D3-BF4B-00C04F79EFBC}") = "ChainOfResponsibility", "BehavioralPatterns\ChainOfResponsibility\ChainOfResponsibility.csproj", "{BBA508EE-BB92-4A77-9390-44FCDCE22302}"
EndProject
Project("{FAE04EC0-301F-11D3-BF4B-00C04F79EFBC}") = "Command", "BehavioralPatterns\Command\Command.csproj", "{F2383B76-159E-43C0-9DF1-55BB39DA6CAB}"
EndProject
Project("{FAE04EC0-301F-11D3-BF4B-00C04F79EFBC}") = "Interpreter", "BehavioralPatterns\Interpreter\Interpreter.csproj", "{BBE661DF-6C7B-42E8-9346-CDA312E9400F}"
EndProject
Project("{FAE04EC0-301F-11D3-BF4B-00C04F79EFBC}") = "IteratorPattern", "BehavioralPatterns\IteratorPattern\IteratorPattern.csproj", "{5A8520D8-545E-4F29-BADB-36911C9C7EFB}"
EndProject
Project("{FAE04EC0-301F-11D3-BF4B-00C04F79EFBC}") = "Mediator", "BehavioralPatterns\Mediator\Mediator.csproj", "{28715809-4461-4BEF-B0A3-2850FCA94AD4}"
EndProject
Project("{FAE04EC0-301F-11D3-BF4B-00C04F79EFBC}") = "Memento", "BehavioralPatterns\Memento\Memento.csproj", "{80F20700-5D16-4254-A59A-E1948B46AAAD}"
EndProject
Project("{FAE04EC0-301F-11D3-BF4B-00C04F79EFBC}") = "Observer", "BehavioralPatterns\Observer\Observer.csproj", "{57E109F6-6B0A-4DAC-89CE-196B0432672E}"
EndProject
Project("{FAE04EC0-301F-11D3-BF4B-00C04F79EFBC}") = "StatePattern", "BehavioralPatterns\StatePattern\StatePattern.csproj", "{9A19EC22-99B0-4943-929C-7C0F3BE870F2}"
EndProject
Project("{FAE04EC0-301F-11D3-BF4B-00C04F79EFBC}") = "StrategyPattern", "BehavioralPatterns\StrategyPattern\StrategyPattern.csproj", "{9F2026C1-0928-4936-B745-2AB8E137C8A0}"
EndProject
Project("{FAE04EC0-301F-11D3-BF4B-00C04F79EFBC}") = "TemplateMethod", "BehavioralPatterns\TemplateMethod\TemplateMethod.csproj", "{6C61464E-6B2E-48A9-837B-817788FB56C8}"
EndProject
Project("{FAE04EC0-301F-11D3-BF4B-00C04F79EFBC}") = "VisitorPattern", "BehavioralPatterns\VisitorPattern\VisitorPattern.csproj", "{9488EAD1-9B85-4EEF-8A36-33F2D0372023}"
EndProject
Global
	GlobalSection(SolutionConfigurationPlatforms) = preSolution
		Debug|Any CPU = Debug|Any CPU
		Release|Any CPU = Release|Any CPU
	EndGlobalSection
	GlobalSection(ProjectConfigurationPlatforms) = postSolution
		{2ECAB64D-3DD5-418D-A233-9EB3BF654DC5}.Debug|Any CPU.ActiveCfg = Debug|Any CPU
		{2ECAB64D-3DD5-418D-A233-9EB3BF654DC5}.Debug|Any CPU.Build.0 = Debug|Any CPU
		{2ECAB64D-3DD5-418D-A233-9EB3BF654DC5}.Release|Any CPU.ActiveCfg = Release|Any CPU
		{2ECAB64D-3DD5-418D-A233-9EB3BF654DC5}.Release|Any CPU.Build.0 = Release|Any CPU
		{F233F9F7-6372-4026-B549-07F7E69C8126}.Debug|Any CPU.ActiveCfg = Debug|Any CPU
		{F233F9F7-6372-4026-B549-07F7E69C8126}.Debug|Any CPU.Build.0 = Debug|Any CPU
		{F233F9F7-6372-4026-B549-07F7E69C8126}.Release|Any CPU.ActiveCfg = Release|Any CPU
		{F233F9F7-6372-4026-B549-07F7E69C8126}.Release|Any CPU.Build.0 = Release|Any CPU
		{579ADB12-85D0-40F0-A988-2E962D6ED386}.Debug|Any CPU.ActiveCfg = Debug|Any CPU
		{579ADB12-85D0-40F0-A988-2E962D6ED386}.Debug|Any CPU.Build.0 = Debug|Any CPU
		{579ADB12-85D0-40F0-A988-2E962D6ED386}.Release|Any CPU.ActiveCfg = Release|Any CPU
		{579ADB12-85D0-40F0-A988-2E962D6ED386}.Release|Any CPU.Build.0 = Release|Any CPU
		{BD3FF172-1ABA-4C4B-A7E8-36869AB6628E}.Debug|Any CPU.ActiveCfg = Debug|Any CPU
		{BD3FF172-1ABA-4C4B-A7E8-36869AB6628E}.Debug|Any CPU.Build.0 = Debug|Any CPU
		{BD3FF172-1ABA-4C4B-A7E8-36869AB6628E}.Release|Any CPU.ActiveCfg = Release|Any CPU
		{BD3FF172-1ABA-4C4B-A7E8-36869AB6628E}.Release|Any CPU.Build.0 = Release|Any CPU
		{7C8F16A4-0590-42F8-8A3B-19FA4B775971}.Debug|Any CPU.ActiveCfg = Debug|Any CPU
		{7C8F16A4-0590-42F8-8A3B-19FA4B775971}.Debug|Any CPU.Build.0 = Debug|Any CPU
		{7C8F16A4-0590-42F8-8A3B-19FA4B775971}.Release|Any CPU.ActiveCfg = Release|Any CPU
		{7C8F16A4-0590-42F8-8A3B-19FA4B775971}.Release|Any CPU.Build.0 = Release|Any CPU
		{907FE0B9-C165-448F-9ACC-D1470B5DB2A6}.Debug|Any CPU.ActiveCfg = Debug|Any CPU
		{907FE0B9-C165-448F-9ACC-D1470B5DB2A6}.Debug|Any CPU.Build.0 = Debug|Any CPU
		{907FE0B9-C165-448F-9ACC-D1470B5DB2A6}.Release|Any CPU.ActiveCfg = Release|Any CPU
		{907FE0B9-C165-448F-9ACC-D1470B5DB2A6}.Release|Any CPU.Build.0 = Release|Any CPU
		{D08F920E-5F82-4539-9008-C53981FDCD4E}.Debug|Any CPU.ActiveCfg = Debug|Any CPU
		{D08F920E-5F82-4539-9008-C53981FDCD4E}.Debug|Any CPU.Build.0 = Debug|Any CPU
		{D08F920E-5F82-4539-9008-C53981FDCD4E}.Release|Any CPU.ActiveCfg = Release|Any CPU
		{D08F920E-5F82-4539-9008-C53981FDCD4E}.Release|Any CPU.Build.0 = Release|Any CPU
		{AE93338F-EB18-434A-81DC-212BFF56832E}.Debug|Any CPU.ActiveCfg = Debug|Any CPU
		{AE93338F-EB18-434A-81DC-212BFF56832E}.Debug|Any CPU.Build.0 = Debug|Any CPU
		{AE93338F-EB18-434A-81DC-212BFF56832E}.Release|Any CPU.ActiveCfg = Release|Any CPU
		{AE93338F-EB18-434A-81DC-212BFF56832E}.Release|Any CPU.Build.0 = Release|Any CPU
		{1B2FCDF1-D483-4B71-B722-491946D9A248}.Debug|Any CPU.ActiveCfg = Debug|Any CPU
		{1B2FCDF1-D483-4B71-B722-491946D9A248}.Debug|Any CPU.Build.0 = Debug|Any CPU
		{1B2FCDF1-D483-4B71-B722-491946D9A248}.Release|Any CPU.ActiveCfg = Release|Any CPU
		{1B2FCDF1-D483-4B71-B722-491946D9A248}.Release|Any CPU.Build.0 = Release|Any CPU
		{00C1DBAA-83F9-49A5-8823-1F2D2C58760C}.Debug|Any CPU.ActiveCfg = Debug|Any CPU
		{00C1DBAA-83F9-49A5-8823-1F2D2C58760C}.Debug|Any CPU.Build.0 = Debug|Any CPU
		{00C1DBAA-83F9-49A5-8823-1F2D2C58760C}.Release|Any CPU.ActiveCfg = Release|Any CPU
		{00C1DBAA-83F9-49A5-8823-1F2D2C58760C}.Release|Any CPU.Build.0 = Release|Any CPU
		{0B43EF70-9256-4294-A2C1-829F9D21039B}.Debug|Any CPU.ActiveCfg = Debug|Any CPU
		{0B43EF70-9256-4294-A2C1-829F9D21039B}.Debug|Any CPU.Build.0 = Debug|Any CPU
		{0B43EF70-9256-4294-A2C1-829F9D21039B}.Release|Any CPU.ActiveCfg = Release|Any CPU
		{0B43EF70-9256-4294-A2C1-829F9D21039B}.Release|Any CPU.Build.0 = Release|Any CPU
		{6547B4C1-4E95-4392-84D9-CBEFE4221946}.Debug|Any CPU.ActiveCfg = Debug|Any CPU
		{6547B4C1-4E95-4392-84D9-CBEFE4221946}.Debug|Any CPU.Build.0 = Debug|Any CPU
		{6547B4C1-4E95-4392-84D9-CBEFE4221946}.Release|Any CPU.ActiveCfg = Release|Any CPU
		{6547B4C1-4E95-4392-84D9-CBEFE4221946}.Release|Any CPU.Build.0 = Release|Any CPU
		{8427031E-0D8F-46ED-B61B-DEBC070EB914}.Debug|Any CPU.ActiveCfg = Debug|Any CPU
		{8427031E-0D8F-46ED-B61B-DEBC070EB914}.Debug|Any CPU.Build.0 = Debug|Any CPU
		{8427031E-0D8F-46ED-B61B-DEBC070EB914}.Release|Any CPU.ActiveCfg = Release|Any CPU
		{8427031E-0D8F-46ED-B61B-DEBC070EB914}.Release|Any CPU.Build.0 = Release|Any CPU
		{80B3E6A2-326C-4AAD-BA58-35FC0024CA0C}.Debug|Any CPU.ActiveCfg = Debug|Any CPU
		{80B3E6A2-326C-4AAD-BA58-35FC0024CA0C}.Debug|Any CPU.Build.0 = Debug|Any CPU
		{80B3E6A2-326C-4AAD-BA58-35FC0024CA0C}.Release|Any CPU.ActiveCfg = Release|Any CPU
		{80B3E6A2-326C-4AAD-BA58-35FC0024CA0C}.Release|Any CPU.Build.0 = Release|Any CPU
		{BBA508EE-BB92-4A77-9390-44FCDCE22302}.Debug|Any CPU.ActiveCfg = Debug|Any CPU
		{BBA508EE-BB92-4A77-9390-44FCDCE22302}.Debug|Any CPU.Build.0 = Debug|Any CPU
		{BBA508EE-BB92-4A77-9390-44FCDCE22302}.Release|Any CPU.ActiveCfg = Release|Any CPU
		{BBA508EE-BB92-4A77-9390-44FCDCE22302}.Release|Any CPU.Build.0 = Release|Any CPU
		{F2383B76-159E-43C0-9DF1-55BB39DA6CAB}.Debug|Any CPU.ActiveCfg = Debug|Any CPU
		{F2383B76-159E-43C0-9DF1-55BB39DA6CAB}.Debug|Any CPU.Build.0 = Debug|Any CPU
		{F2383B76-159E-43C0-9DF1-55BB39DA6CAB}.Release|Any CPU.ActiveCfg = Release|Any CPU
		{F2383B76-159E-43C0-9DF1-55BB39DA6CAB}.Release|Any CPU.Build.0 = Release|Any CPU
		{BBE661DF-6C7B-42E8-9346-CDA312E9400F}.Debug|Any CPU.ActiveCfg = Debug|Any CPU
		{BBE661DF-6C7B-42E8-9346-CDA312E9400F}.Debug|Any CPU.Build.0 = Debug|Any CPU
		{BBE661DF-6C7B-42E8-9346-CDA312E9400F}.Release|Any CPU.ActiveCfg = Release|Any CPU
		{BBE661DF-6C7B-42E8-9346-CDA312E9400F}.Release|Any CPU.Build.0 = Release|Any CPU
		{5A8520D8-545E-4F29-BADB-36911C9C7EFB}.Debug|Any CPU.ActiveCfg = Debug|Any CPU
		{5A8520D8-545E-4F29-BADB-36911C9C7EFB}.Debug|Any CPU.Build.0 = Debug|Any CPU
		{5A8520D8-545E-4F29-BADB-36911C9C7EFB}.Release|Any CPU.ActiveCfg = Release|Any CPU
		{5A8520D8-545E-4F29-BADB-36911C9C7EFB}.Release|Any CPU.Build.0 = Release|Any CPU
		{28715809-4461-4BEF-B0A3-2850FCA94AD4}.Debug|Any CPU.ActiveCfg = Debug|Any CPU
		{28715809-4461-4BEF-B0A3-2850FCA94AD4}.Debug|Any CPU.Build.0 = Debug|Any CPU
		{28715809-4461-4BEF-B0A3-2850FCA94AD4}.Release|Any CPU.ActiveCfg = Release|Any CPU
		{28715809-4461-4BEF-B0A3-2850FCA94AD4}.Release|Any CPU.Build.0 = Release|Any CPU
		{80F20700-5D16-4254-A59A-E1948B46AAAD}.Debug|Any CPU.ActiveCfg = Debug|Any CPU
		{80F20700-5D16-4254-A59A-E1948B46AAAD}.Debug|Any CPU.Build.0 = Debug|Any CPU
		{80F20700-5D16-4254-A59A-E1948B46AAAD}.Release|Any CPU.ActiveCfg = Release|Any CPU
		{80F20700-5D16-4254-A59A-E1948B46AAAD}.Release|Any CPU.Build.0 = Release|Any CPU
		{57E109F6-6B0A-4DAC-89CE-196B0432672E}.Debug|Any CPU.ActiveCfg = Debug|Any CPU
		{57E109F6-6B0A-4DAC-89CE-196B0432672E}.Debug|Any CPU.Build.0 = Debug|Any CPU
		{57E109F6-6B0A-4DAC-89CE-196B0432672E}.Release|Any CPU.ActiveCfg = Release|Any CPU
		{57E109F6-6B0A-4DAC-89CE-196B0432672E}.Release|Any CPU.Build.0 = Release|Any CPU
		{9A19EC22-99B0-4943-929C-7C0F3BE870F2}.Debug|Any CPU.ActiveCfg = Debug|Any CPU
		{9A19EC22-99B0-4943-929C-7C0F3BE870F2}.Debug|Any CPU.Build.0 = Debug|Any CPU
		{9A19EC22-99B0-4943-929C-7C0F3BE870F2}.Release|Any CPU.ActiveCfg = Release|Any CPU
		{9A19EC22-99B0-4943-929C-7C0F3BE870F2}.Release|Any CPU.Build.0 = Release|Any CPU
		{9F2026C1-0928-4936-B745-2AB8E137C8A0}.Debug|Any CPU.ActiveCfg = Debug|Any CPU
		{9F2026C1-0928-4936-B745-2AB8E137C8A0}.Debug|Any CPU.Build.0 = Debug|Any CPU
		{9F2026C1-0928-4936-B745-2AB8E137C8A0}.Release|Any CPU.ActiveCfg = Release|Any CPU
		{9F2026C1-0928-4936-B745-2AB8E137C8A0}.Release|Any CPU.Build.0 = Release|Any CPU
		{6C61464E-6B2E-48A9-837B-817788FB56C8}.Debug|Any CPU.ActiveCfg = Debug|Any CPU
		{6C61464E-6B2E-48A9-837B-817788FB56C8}.Debug|Any CPU.Build.0 = Debug|Any CPU
		{6C61464E-6B2E-48A9-837B-817788FB56C8}.Release|Any CPU.ActiveCfg = Release|Any CPU
		{6C61464E-6B2E-48A9-837B-817788FB56C8}.Release|Any CPU.Build.0 = Release|Any CPU
		{9488EAD1-9B85-4EEF-8A36-33F2D0372023}.Debug|Any CPU.ActiveCfg = Debug|Any CPU
		{9488EAD1-9B85-4EEF-8A36-33F2D0372023}.Debug|Any CPU.Build.0 = Debug|Any CPU
		{9488EAD1-9B85-4EEF-8A36-33F2D0372023}.Release|Any CPU.ActiveCfg = Release|Any CPU
		{9488EAD1-9B85-4EEF-8A36-33F2D0372023}.Release|Any CPU.Build.0 = Release|Any CPU
	EndGlobalSection
	GlobalSection(NestedProjects) = preSolution
		{579ADB12-85D0-40F0-A988-2E962D6ED386} = {3E9D75B5-B132-4A0A-8128-68CE5244C714}
		{BD3FF172-1ABA-4C4B-A7E8-36869AB6628E} = {3E9D75B5-B132-4A0A-8128-68CE5244C714}
		{7C8F16A4-0590-42F8-8A3B-19FA4B775971} = {3E9D75B5-B132-4A0A-8128-68CE5244C714}
		{907FE0B9-C165-448F-9ACC-D1470B5DB2A6} = {3E9D75B5-B132-4A0A-8128-68CE5244C714}
		{D08F920E-5F82-4539-9008-C53981FDCD4E} = {3E9D75B5-B132-4A0A-8128-68CE5244C714}
		{AE93338F-EB18-434A-81DC-212BFF56832E} = {CCF552D4-4127-4EA9-86B1-681FF4A9E142}
		{1B2FCDF1-D483-4B71-B722-491946D9A248} = {CCF552D4-4127-4EA9-86B1-681FF4A9E142}
		{00C1DBAA-83F9-49A5-8823-1F2D2C58760C} = {CCF552D4-4127-4EA9-86B1-681FF4A9E142}
		{0B43EF70-9256-4294-A2C1-829F9D21039B} = {CCF552D4-4127-4EA9-86B1-681FF4A9E142}
		{6547B4C1-4E95-4392-84D9-CBEFE4221946} = {CCF552D4-4127-4EA9-86B1-681FF4A9E142}
		{8427031E-0D8F-46ED-B61B-DEBC070EB914} = {CCF552D4-4127-4EA9-86B1-681FF4A9E142}
		{80B3E6A2-326C-4AAD-BA58-35FC0024CA0C} = {CCF552D4-4127-4EA9-86B1-681FF4A9E142}
		{BBA508EE-BB92-4A77-9390-44FCDCE22302} = {A109CE90-C96D-485A-97D0-D10256235BAA}
		{F2383B76-159E-43C0-9DF1-55BB39DA6CAB} = {A109CE90-C96D-485A-97D0-D10256235BAA}
		{BBE661DF-6C7B-42E8-9346-CDA312E9400F} = {A109CE90-C96D-485A-97D0-D10256235BAA}
		{2ECAB64D-3DD5-418D-A233-9EB3BF654DC5} = {A109CE90-C96D-485A-97D0-D10256235BAA}
		{5A8520D8-545E-4F29-BADB-36911C9C7EFB} = {A109CE90-C96D-485A-97D0-D10256235BAA}
		{28715809-4461-4BEF-B0A3-2850FCA94AD4} = {A109CE90-C96D-485A-97D0-D10256235BAA}
		{80F20700-5D16-4254-A59A-E1948B46AAAD} = {A109CE90-C96D-485A-97D0-D10256235BAA}
		{57E109F6-6B0A-4DAC-89CE-196B0432672E} = {A109CE90-C96D-485A-97D0-D10256235BAA}
		{9A19EC22-99B0-4943-929C-7C0F3BE870F2} = {A109CE90-C96D-485A-97D0-D10256235BAA}
		{9F2026C1-0928-4936-B745-2AB8E137C8A0} = {A109CE90-C96D-485A-97D0-D10256235BAA}
		{6C61464E-6B2E-48A9-837B-817788FB56C8} = {A109CE90-C96D-485A-97D0-D10256235BAA}
		{9488EAD1-9B85-4EEF-8A36-33F2D0372023} = {A109CE90-C96D-485A-97D0-D10256235BAA}
	EndGlobalSection
EndGlobal
